<?xml version="1.0" encoding="utf-8"?>
<Project ToolsVersion="4.0" xmlns="http://schemas.microsoft.com/developer/msbuild/2003">
  <ItemGroup>
    <Filter Include="源文件">
      <UniqueIdentifier>{4FC737F1-C7A5-4376-A066-2A32D752A2FF}</UniqueIdentifier>
      <Extensions>cpp;c;cc;cxx;def;odl;idl;hpj;bat;asm;asmx</Extensions>
    </Filter>
    <Filter Include="头文件">
      <UniqueIdentifier>{93995380-89BD-4b04-88EB-625FBE52EBFB}</UniqueIdentifier>
      <Extensions>h;hh;hpp;hxx;hm;inl;inc;xsd</Extensions>
    </Filter>
    <Filter Include="资源文件">
      <UniqueIdentifier>{67DA6AB6-F800-4c08-8B7A-83BB121AAD01}</UniqueIdentifier>
      <Extensions>rc;ico;cur;bmp;dlg;rc2;rct;bin;rgs;gif;jpg;jpeg;jpe;resx;tiff;tif;png;wav;mfcribbon-ms</Extensions>
    </Filter>
    <Filter Include="源文件\Tokenizer">
      <UniqueIdentifier>{4b5a9d21-35a8-4781-97e3-9e3ff119b06b}</UniqueIdentifier>
    </Filter>
    <Filter Include="头文件\Tokenizer">
      <UniqueIdentifier>{f0e44b7c-7f67-4f59-9ca0-b5428f8e145e}</UniqueIdentifier>
    </Filter>
    <Filter Include="头文件\Parser">
      <UniqueIdentifier>{f09033a4-512b-4703-8578-8d2b815da647}</UniqueIdentifier>
    </Filter>
    <Filter Include="源文件\Parser">
      <UniqueIdentifier>{d11ff7e3-07f3-4de6-a429-070cc158e2f9}</UniqueIdentifier>
    </Filter>
    <Filter Include="头文件\ast">
      <UniqueIdentifier>{121f8788-a84e-484d-845d-67a2fa6017a6}</UniqueIdentifier>
    </Filter>
  </ItemGroup>
  <ItemGroup>
    <ClCompile Include="main.cpp">
      <Filter>源文件</Filter>
    </ClCompile>
    <ClCompile Include="Lexer.cpp">
      <Filter>源文件\Tokenizer</Filter>
    </ClCompile>
    <ClCompile Include="Token.cpp">
      <Filter>源文件\Tokenizer</Filter>
    </ClCompile>
    <ClCompile Include="LineNumberReader.cpp">
      <Filter>源文件</Filter>
    </ClCompile>
  </ItemGroup>
  <ItemGroup>
    <ClInclude Include="Token.h">
      <Filter>头文件\Tokenizer</Filter>
    </ClInclude>
    <ClInclude Include="StoneException.h">
      <Filter>头文件\Tokenizer</Filter>
    </ClInclude>
    <ClInclude Include="Lexer.h">
      <Filter>头文件\Tokenizer</Filter>
    </ClInclude>
    <ClInclude Include="LineNumberReader.h">
      <Filter>头文件</Filter>
    </ClInclude>
    <ClInclude Include="StrCommon.hpp">
      <Filter>头文件</Filter>
    </ClInclude>
    <ClInclude Include="AbstractSyntaxTree.hpp">
      <Filter>头文件\ast</Filter>
    </ClInclude>
    <ClInclude Include="AbstractSyntaxTreeLeaf.hpp">
      <Filter>头文件\ast</Filter>
    </ClInclude>
    <ClInclude Include="AbstractSyntaxTreeList.hpp">
      <Filter>头文件\ast</Filter>
    </ClInclude>
  </ItemGroup>
  <ItemGroup>
    <Text Include="StoneBNF.txt">
      <Filter>资源文件</Filter>
    </Text>
  </ItemGroup>
</Project>